
Microsoft Visual Studio Solution File, Format Version 12.00
# Visual Studio 15
VisualStudioVersion = 15.0.28307.902
MinimumVisualStudioVersion = 10.0.40219.1
Project("{8BC9CEB8-8B4A-11D0-8D11-00A0C91BC942}") = "zadanie7", "zadanie7\zadanie7.vcxproj", "{DC93D706-B51D-452D-9A99-986B5E1A17E8}"
EndProject
Global
	GlobalSection(SolutionConfigurationPlatforms) = preSolution
		Debug|x64 = Debug|x64
		Debug|x86 = Debug|x86
		Release|x64 = Release|x64
		Release|x86 = Release|x86
	EndGlobalSection
	GlobalSection(ProjectConfigurationPlatforms) = postSolution
		{DC93D706-B51D-452D-9A99-986B5E1A17E8}.Debug|x64.ActiveCfg = Debug|x64
		{DC93D706-B51D-452D-9A99-986B5E1A17E8}.Debug|x64.Build.0 = Debug|x64
		{DC93D706-B51D-452D-9A99-986B5E1A17E8}.Debug|x86.ActiveCfg = Debug|Win32
		{DC93D706-B51D-452D-9A99-986B5E1A17E8}.Debug|x86.Build.0 = Debug|Win32
		{DC93D706-B51D-452D-9A99-986B5E1A17E8}.Release|x64.ActiveCfg = Release|x64
		{DC93D706-B51D-452D-9A99-986B5E1A17E8}.Release|x64.Build.0 = Release|x64
		{DC93D706-B51D-452D-9A99-986B5E1A17E8}.Release|x86.ActiveCfg = Release|Win32
		{DC93D706-B51D-452D-9A99-986B5E1A17E8}.Release|x86.Build.0 = Release|Win32
	EndGlobalSection
	GlobalSection(SolutionProperties) = preSolution
		HideSolutionNode = FALSE
	EndGlobalSection
	GlobalSection(ExtensibilityGlobals) = postSolution
		SolutionGuid = {69F0331C-5F78-46C5-9F4D-97B550FCD019}
	EndGlobalSection
EndGlobal
